
Microsoft Visual Studio Solution File, Format Version 12.00
# Visual Studio Version 17
VisualStudioVersion = 17.0.31903.59
MinimumVisualStudioVersion = 10.0.40219.1
Project("{FAE04EC0-301F-11D3-BF4B-00C04F79EFBC}") = "API", "API\API.csproj", "{AE22856B-B02E-4341-99A2-C6CA017DA68D}"
EndProject
Project("{FAE04EC0-301F-11D3-BF4B-00C04F79EFBC}") = "Application", "Application\Application.csproj", "{FCEA0CB3-30BE-42D2-8A16-7A097E2892F7}"
EndProject
Project("{FAE04EC0-301F-11D3-BF4B-00C04F79EFBC}") = "Domain", "Domain\Domain.csproj", "{D84F14B8-3BAF-416B-9309-FF854D674407}"
EndProject
Project("{FAE04EC0-301F-11D3-BF4B-00C04F79EFBC}") = "Persistence", "Persistence\Persistence.csproj", "{991A8C53-6982-4DDD-8EFC-739E868E8BAE}"
EndProject
Project("{FAE04EC0-301F-11D3-BF4B-00C04F79EFBC}") = "Infrastructure", "Infrastructure\Infrastructure.csproj", "{B4932ECC-548E-484E-B941-596EC985BEEC}"
EndProject
Global
	GlobalSection(SolutionConfigurationPlatforms) = preSolution
		Debug|Any CPU = Debug|Any CPU
		Release|Any CPU = Release|Any CPU
	EndGlobalSection
	GlobalSection(SolutionProperties) = preSolution
		HideSolutionNode = FALSE
	EndGlobalSection
	GlobalSection(ProjectConfigurationPlatforms) = postSolution
		{AE22856B-B02E-4341-99A2-C6CA017DA68D}.Debug|Any CPU.ActiveCfg = Debug|Any CPU
		{AE22856B-B02E-4341-99A2-C6CA017DA68D}.Debug|Any CPU.Build.0 = Debug|Any CPU
		{AE22856B-B02E-4341-99A2-C6CA017DA68D}.Release|Any CPU.ActiveCfg = Release|Any CPU
		{AE22856B-B02E-4341-99A2-C6CA017DA68D}.Release|Any CPU.Build.0 = Release|Any CPU
		{FCEA0CB3-30BE-42D2-8A16-7A097E2892F7}.Debug|Any CPU.ActiveCfg = Debug|Any CPU
		{FCEA0CB3-30BE-42D2-8A16-7A097E2892F7}.Debug|Any CPU.Build.0 = Debug|Any CPU
		{FCEA0CB3-30BE-42D2-8A16-7A097E2892F7}.Release|Any CPU.ActiveCfg = Release|Any CPU
		{FCEA0CB3-30BE-42D2-8A16-7A097E2892F7}.Release|Any CPU.Build.0 = Release|Any CPU
		{D84F14B8-3BAF-416B-9309-FF854D674407}.Debug|Any CPU.ActiveCfg = Debug|Any CPU
		{D84F14B8-3BAF-416B-9309-FF854D674407}.Debug|Any CPU.Build.0 = Debug|Any CPU
		{D84F14B8-3BAF-416B-9309-FF854D674407}.Release|Any CPU.ActiveCfg = Release|Any CPU
		{D84F14B8-3BAF-416B-9309-FF854D674407}.Release|Any CPU.Build.0 = Release|Any CPU
		{991A8C53-6982-4DDD-8EFC-739E868E8BAE}.Debug|Any CPU.ActiveCfg = Debug|Any CPU
		{991A8C53-6982-4DDD-8EFC-739E868E8BAE}.Debug|Any CPU.Build.0 = Debug|Any CPU
		{991A8C53-6982-4DDD-8EFC-739E868E8BAE}.Release|Any CPU.ActiveCfg = Release|Any CPU
		{991A8C53-6982-4DDD-8EFC-739E868E8BAE}.Release|Any CPU.Build.0 = Release|Any CPU
		{B4932ECC-548E-484E-B941-596EC985BEEC}.Debug|Any CPU.ActiveCfg = Debug|Any CPU
		{B4932ECC-548E-484E-B941-596EC985BEEC}.Debug|Any CPU.Build.0 = Debug|Any CPU
		{B4932ECC-548E-484E-B941-596EC985BEEC}.Release|Any CPU.ActiveCfg = Release|Any CPU
		{B4932ECC-548E-484E-B941-596EC985BEEC}.Release|Any CPU.Build.0 = Release|Any CPU
	EndGlobalSection
EndGlobal
